
Microsoft Visual Studio Solution File, Format Version 12.00
# Visual Studio Version 16
VisualStudioVersion = 16.0.31005.135
MinimumVisualStudioVersion = 10.0.40219.1
Project("{FAE04EC0-301F-11D3-BF4B-00C04F79EFBC}") = "ClassMetotDemo", "ClassMetotDemo\ClassMetotDemo.csproj", "{31D8D60A-19B3-464D-B7AB-76BD6ABEF30A}"
EndProject
Global
	GlobalSection(SolutionConfigurationPlatforms) = preSolution
		Debug|Any CPU = Debug|Any CPU
		Release|Any CPU = Release|Any CPU
	EndGlobalSection
	GlobalSection(ProjectConfigurationPlatforms) = postSolution
		{31D8D60A-19B3-464D-B7AB-76BD6ABEF30A}.Debug|Any CPU.ActiveCfg = Debug|Any CPU
		{31D8D60A-19B3-464D-B7AB-76BD6ABEF30A}.Debug|Any CPU.Build.0 = Debug|Any CPU
		{31D8D60A-19B3-464D-B7AB-76BD6ABEF30A}.Release|Any CPU.ActiveCfg = Release|Any CPU
		{31D8D60A-19B3-464D-B7AB-76BD6ABEF30A}.Release|Any CPU.Build.0 = Release|Any CPU
	EndGlobalSection
	GlobalSection(SolutionProperties) = preSolution
		HideSolutionNode = FALSE
	EndGlobalSection
	GlobalSection(ExtensibilityGlobals) = postSolution
		SolutionGuid = {2B299FC6-FF92-4E51-94A5-06602F2BEE36}
	EndGlobalSection
EndGlobal
